<Solution>
  <Project Path="BaseBallBoardGameScoreEntity/BaseBallBoardGameScoreEntity.csproj" Id="709601fb-7f48-48fa-8360-8a383251d28c" />
  <Project Path="BaseBallBoardGameScoreEntity_Test/BaseBallBoardGameScoreEntity_Test.csproj" Id="cf10df01-c0e8-4b2b-b7f5-644d0a1f4bc5" />
  <Project Path="MauiApp1/MauiApp1.csproj">
    <Deploy Solution="Debug|*" />
  </Project>
</Solution>
